
Microsoft Visual Studio Solution File, Format Version 12.00
# Visual Studio Version 17
VisualStudioVersion = 17.7.34221.43
MinimumVisualStudioVersion = 10.0.40219.1
Project("{9A19103F-16F7-4668-BE54-9A1E7A4F7556}") = "Traveller.Api", "Traveller.Api\Traveller.Api.csproj", "{218D5DAF-CAC3-48A6-B07D-5934E2566F92}"
EndProject
Project("{9A19103F-16F7-4668-BE54-9A1E7A4F7556}") = "Traveller.Domain", "Traveller.Domain\Traveller.Domain.csproj", "{DC76432B-ED7D-4CC1-A2CF-F9D0997979EA}"
EndProject
Project("{9A19103F-16F7-4668-BE54-9A1E7A4F7556}") = "Traveller.Persistence", "Traveller.Persistence\Traveller.Persistence.csproj", "{5585541E-3E0B-4489-AE78-6837AA5B6D76}"
EndProject
Project("{FAE04EC0-301F-11D3-BF4B-00C04F79EFBC}") = "Traveller.Export", "Traveller.Export\Traveller.Export.csproj", "{328FA686-567E-4F4E-9C41-504ABCC070D5}"
EndProject
Global
	GlobalSection(SolutionConfigurationPlatforms) = preSolution
		Debug|Any CPU = Debug|Any CPU
		Release|Any CPU = Release|Any CPU
	EndGlobalSection
	GlobalSection(ProjectConfigurationPlatforms) = postSolution
		{218D5DAF-CAC3-48A6-B07D-5934E2566F92}.Debug|Any CPU.ActiveCfg = Debug|Any CPU
		{218D5DAF-CAC3-48A6-B07D-5934E2566F92}.Debug|Any CPU.Build.0 = Debug|Any CPU
		{218D5DAF-CAC3-48A6-B07D-5934E2566F92}.Release|Any CPU.ActiveCfg = Release|Any CPU
		{218D5DAF-CAC3-48A6-B07D-5934E2566F92}.Release|Any CPU.Build.0 = Release|Any CPU
		{DC76432B-ED7D-4CC1-A2CF-F9D0997979EA}.Debug|Any CPU.ActiveCfg = Debug|Any CPU
		{DC76432B-ED7D-4CC1-A2CF-F9D0997979EA}.Debug|Any CPU.Build.0 = Debug|Any CPU
		{DC76432B-ED7D-4CC1-A2CF-F9D0997979EA}.Release|Any CPU.ActiveCfg = Release|Any CPU
		{DC76432B-ED7D-4CC1-A2CF-F9D0997979EA}.Release|Any CPU.Build.0 = Release|Any CPU
		{5585541E-3E0B-4489-AE78-6837AA5B6D76}.Debug|Any CPU.ActiveCfg = Debug|Any CPU
		{5585541E-3E0B-4489-AE78-6837AA5B6D76}.Debug|Any CPU.Build.0 = Debug|Any CPU
		{5585541E-3E0B-4489-AE78-6837AA5B6D76}.Release|Any CPU.ActiveCfg = Release|Any CPU
		{5585541E-3E0B-4489-AE78-6837AA5B6D76}.Release|Any CPU.Build.0 = Release|Any CPU
		{328FA686-567E-4F4E-9C41-504ABCC070D5}.Debug|Any CPU.ActiveCfg = Debug|Any CPU
		{328FA686-567E-4F4E-9C41-504ABCC070D5}.Debug|Any CPU.Build.0 = Debug|Any CPU
		{328FA686-567E-4F4E-9C41-504ABCC070D5}.Release|Any CPU.ActiveCfg = Release|Any CPU
		{328FA686-567E-4F4E-9C41-504ABCC070D5}.Release|Any CPU.Build.0 = Release|Any CPU
	EndGlobalSection
	GlobalSection(SolutionProperties) = preSolution
		HideSolutionNode = FALSE
	EndGlobalSection
	GlobalSection(ExtensibilityGlobals) = postSolution
		SolutionGuid = {E5848406-B5F5-4C52-BEDB-73DAFB364BBA}
	EndGlobalSection
EndGlobal
